
Microsoft Visual Studio Solution File, Format Version 12.00
# Visual Studio 15
VisualStudioVersion = 15.0.26228.4
MinimumVisualStudioVersion = 10.0.40219.1
Project("{2150E333-8FDC-42A3-9474-1A3956D46DE8}") = "TaskManager.API", "TaskManager.API", "{C1007F41-404F-4A9F-8229-1FEBDEBD71A1}"
EndProject
Project("{FAE04EC0-301F-11D3-BF4B-00C04F79EFBC}") = "TaskManager.API", "..\Web\TaskManager.API\TaskManager.API.csproj", "{7B21953C-88D8-4E92-9C21-D0DF4F0318E8}"
EndProject
Project("{2150E333-8FDC-42A3-9474-1A3956D46DE8}") = "TaskManager.Tests", "TaskManager.Tests", "{A38E49A5-A868-40BE-B51C-09028E9834E0}"
EndProject
Project("{FAE04EC0-301F-11D3-BF4B-00C04F79EFBC}") = "TaskManager.API.Tests", "..\Web\TaskManager.Tests\TaskManager.API.Tests\TaskManager.API.Tests.csproj", "{6DA78327-ED12-4425-A60D-68ECF50640A9}"
EndProject
Global
	GlobalSection(SolutionConfigurationPlatforms) = preSolution
		Debug|Any CPU = Debug|Any CPU
		Release|Any CPU = Release|Any CPU
	EndGlobalSection
	GlobalSection(ProjectConfigurationPlatforms) = postSolution
		{7B21953C-88D8-4E92-9C21-D0DF4F0318E8}.Debug|Any CPU.ActiveCfg = Debug|Any CPU
		{7B21953C-88D8-4E92-9C21-D0DF4F0318E8}.Debug|Any CPU.Build.0 = Debug|Any CPU
		{7B21953C-88D8-4E92-9C21-D0DF4F0318E8}.Release|Any CPU.ActiveCfg = Release|Any CPU
		{7B21953C-88D8-4E92-9C21-D0DF4F0318E8}.Release|Any CPU.Build.0 = Release|Any CPU
		{6DA78327-ED12-4425-A60D-68ECF50640A9}.Debug|Any CPU.ActiveCfg = Debug|Any CPU
		{6DA78327-ED12-4425-A60D-68ECF50640A9}.Debug|Any CPU.Build.0 = Debug|Any CPU
		{6DA78327-ED12-4425-A60D-68ECF50640A9}.Release|Any CPU.ActiveCfg = Release|Any CPU
		{6DA78327-ED12-4425-A60D-68ECF50640A9}.Release|Any CPU.Build.0 = Release|Any CPU
	EndGlobalSection
	GlobalSection(SolutionProperties) = preSolution
		HideSolutionNode = FALSE
	EndGlobalSection
	GlobalSection(NestedProjects) = preSolution
		{7B21953C-88D8-4E92-9C21-D0DF4F0318E8} = {C1007F41-404F-4A9F-8229-1FEBDEBD71A1}
		{6DA78327-ED12-4425-A60D-68ECF50640A9} = {A38E49A5-A868-40BE-B51C-09028E9834E0}
	EndGlobalSection
EndGlobal
